github.com/gocarina/gocsv v0.0.0-20210516172204-ca9e8a8ddea8 h1:hp1oqdzmv37vPLYFGjuM/RmUgUMfD9vQfMszc54l55Y=
github.com/gocarina/gocsv v0.0.0-20210516172204-ca9e8a8ddea8/go.mod h1:5YoVOkjYAQumqlV356Hj3xeYh4BdZuLE0/nRkf2NKkI=
github.com/mhenderson-so/azure-ea-billing v0.0.0-20180314152252-6f89ed0fffb4 h1:j50sBjZrvjgK2G5Ns4ZB4gVkVW4yRBnJ3wFM0X3UvqI=
github.com/mhenderson-so/azure-ea-billing v0.0.0-20180314152252-6f89ed0fffb4/go.mod h1:iA228L2uZwxjH5sQmwIwV0CKsCdexPdTDzhWXrSfiDk=
